{
  "requires": true,
  "lockfileVersion": 1,
  "dependencies": {
    "powerform": {
      "version": "3.1.5",
      "resolved": "https://registry.npmjs.org/powerform/-/powerform-3.1.5.tgz",
      "integrity": "sha512-qJMpan6gDnC5rhZKq7Fo/Cs4sRAt4spcxzr3ZNhUItda9Oi3jgtvoL6FwMeQbGyO9jfMSB2YlfgKHQJMT34YnQ=="
    }
  }
}
